
Microsoft Visual Studio Solution File, Format Version 12.00
# Visual Studio Version 16
VisualStudioVersion = 16.0.29926.136
MinimumVisualStudioVersion = 10.0.40219.1
Project("{2150E333-8FDC-42A3-9474-1A3956D46DE8}") = "1.Creational", "1.Creational", "{A6FFB5C8-397D-4CB1-A2C7-34FE3B2E082E}"
EndProject
Project("{2150E333-8FDC-42A3-9474-1A3956D46DE8}") = "2.Structural", "2.Structural", "{BBA82803-14FB-48AC-8550-CE54AF9F6E0C}"
EndProject
Project("{2150E333-8FDC-42A3-9474-1A3956D46DE8}") = "3.Behavioural", "3.Behavioural", "{A136CC29-E048-4F6F-B646-99F2C92F1608}"
EndProject
Project("{FAE04EC0-301F-11D3-BF4B-00C04F79EFBC}") = "1.2.AbstractFactory", "1.2.AbstractFactory\1.2.AbstractFactory.csproj", "{A5FFE0DF-E109-40F1-A538-9FD575675349}"
EndProject
Project("{FAE04EC0-301F-11D3-BF4B-00C04F79EFBC}") = "1.1.FactoryMethod", "1.1.FactoryMethod\1.1.FactoryMethod.csproj", "{8201AF2E-CBB2-410D-B0B8-4B6360941F38}"
EndProject
Project("{FAE04EC0-301F-11D3-BF4B-00C04F79EFBC}") = "1.3.Builder", "1.3.Builder\1.3.Builder.csproj", "{11CF3BB6-D32B-4506-88A9-D25406091134}"
EndProject
Project("{FAE04EC0-301F-11D3-BF4B-00C04F79EFBC}") = "1.4.Prototype", "1.4.Prototype\1.4.Prototype.csproj", "{858E0CF3-F77E-432D-80D5-788B45C56C89}"
EndProject
Project("{FAE04EC0-301F-11D3-BF4B-00C04F79EFBC}") = "1.5.Singleton", "1.5.Singleton\1.5.Singleton.csproj", "{9B932C46-6FB2-4036-A248-1038866D305A}"
EndProject
Project("{FAE04EC0-301F-11D3-BF4B-00C04F79EFBC}") = "2.1.Adapter", "2.1.Adapter\2.1.Adapter.csproj", "{EA74256E-4A60-4301-8B48-44E298B4F0CD}"
EndProject
Project("{FAE04EC0-301F-11D3-BF4B-00C04F79EFBC}") = "2.2.Bridge", "2.2.Bridge\2.2.Bridge.csproj", "{5493EE29-911F-4374-B77C-420A9F0051B2}"
EndProject
Project("{FAE04EC0-301F-11D3-BF4B-00C04F79EFBC}") = "2.3.Composite", "2.3.Composite\2.3.Composite.csproj", "{50B0C671-6340-41BC-9243-95C746F80EBC}"
EndProject
Project("{FAE04EC0-301F-11D3-BF4B-00C04F79EFBC}") = "2.4.Decorator", "2.4.Decorator\2.4.Decorator.csproj", "{7F4F9587-76E9-4BDD-99FA-567B3ACB552E}"
EndProject
Project("{FAE04EC0-301F-11D3-BF4B-00C04F79EFBC}") = "2.5.Facade", "2.5.Facade\2.5.Facade.csproj", "{59700977-16D4-40BA-B58E-532D125702DC}"
EndProject
Project("{FAE04EC0-301F-11D3-BF4B-00C04F79EFBC}") = "2.6.Flyweight", "2.6.Flyweight\2.6.Flyweight.csproj", "{CE794A89-958C-41CD-8651-19ED32A0ECDA}"
EndProject
Project("{FAE04EC0-301F-11D3-BF4B-00C04F79EFBC}") = "2.7.Proxy", "2.7.Proxy\2.7.Proxy.csproj", "{FC3162AD-7CBE-4DAE-8FC2-D87ABB873703}"
EndProject
Project("{FAE04EC0-301F-11D3-BF4B-00C04F79EFBC}") = "3.1.ChainOfResponsibility", "3.1.ChainOfResponsibility\3.1.ChainOfResponsibility.csproj", "{CB973523-4D43-4ED2-B1DC-3E90044180BE}"
EndProject
Project("{FAE04EC0-301F-11D3-BF4B-00C04F79EFBC}") = "3.2.Command", "3.2.Command\3.2.Command.csproj", "{13991AD9-20E5-4A7C-85C0-F8FA18EE497F}"
EndProject
Project("{FAE04EC0-301F-11D3-BF4B-00C04F79EFBC}") = "3.3.Interpreter", "3.3.Interpreter\3.3.Interpreter.csproj", "{4816F661-1ACE-41A9-9630-9866DA162554}"
EndProject
Project("{FAE04EC0-301F-11D3-BF4B-00C04F79EFBC}") = "3.4.Iterator", "3.4.Iterator\3.4.Iterator.csproj", "{1A59B17E-FA48-495E-AEF8-57A922AF20B7}"
EndProject
Project("{FAE04EC0-301F-11D3-BF4B-00C04F79EFBC}") = "3.5.Mediator", "3.5.Mediator\3.5.Mediator.csproj", "{7ADC230A-2672-4A56-9499-D12BB682658F}"
EndProject
Project("{FAE04EC0-301F-11D3-BF4B-00C04F79EFBC}") = "3.6.Memento", "3.6.Memento\3.6.Memento.csproj", "{680BD768-8A55-47A2-B56F-FCB0F578604A}"
EndProject
Project("{FAE04EC0-301F-11D3-BF4B-00C04F79EFBC}") = "3.7.Observer", "3.7.Observer\3.7.Observer.csproj", "{901A05B9-15A1-4941-A812-B84BC9E978FD}"
EndProject
Project("{FAE04EC0-301F-11D3-BF4B-00C04F79EFBC}") = "3.8.Visitor", "3.8.Visitor\3.8.Visitor.csproj", "{FB080468-A8BC-46EA-BB4D-66E7D9394881}"
EndProject
Project("{FAE04EC0-301F-11D3-BF4B-00C04F79EFBC}") = "3.9.Strategy", "3.9.Strategy\3.9.Strategy.csproj", "{173AE3AB-62AF-4262-A5EF-CA812434CD56}"
EndProject
Project("{FAE04EC0-301F-11D3-BF4B-00C04F79EFBC}") = "3.10.State", "3.10.State\3.10.State.csproj", "{16BEB8A0-52AD-4698-8E16-1E630106436A}"
EndProject
Project("{FAE04EC0-301F-11D3-BF4B-00C04F79EFBC}") = "3.11.TemplateMethod", "3.11.TemplateMethod\3.11.TemplateMethod.csproj", "{00685CA2-FE3D-4185-9B49-AD215413F047}"
EndProject
Project("{2150E333-8FDC-42A3-9474-1A3956D46DE8}") = "Documents", "Documents", "{8E58A68C-8B6E-4B81-9F29-5387AEB5D36E}"
	ProjectSection(SolutionItems) = preProject
		Design Patterns.md = Design Patterns.md
	EndProjectSection
EndProject
Global
	GlobalSection(SolutionConfigurationPlatforms) = preSolution
		Debug|Any CPU = Debug|Any CPU
		Release|Any CPU = Release|Any CPU
	EndGlobalSection
	GlobalSection(ProjectConfigurationPlatforms) = postSolution
		{A5FFE0DF-E109-40F1-A538-9FD575675349}.Debug|Any CPU.ActiveCfg = Debug|Any CPU
		{A5FFE0DF-E109-40F1-A538-9FD575675349}.Debug|Any CPU.Build.0 = Debug|Any CPU
		{A5FFE0DF-E109-40F1-A538-9FD575675349}.Release|Any CPU.ActiveCfg = Release|Any CPU
		{A5FFE0DF-E109-40F1-A538-9FD575675349}.Release|Any CPU.Build.0 = Release|Any CPU
		{8201AF2E-CBB2-410D-B0B8-4B6360941F38}.Debug|Any CPU.ActiveCfg = Debug|Any CPU
		{8201AF2E-CBB2-410D-B0B8-4B6360941F38}.Debug|Any CPU.Build.0 = Debug|Any CPU
		{8201AF2E-CBB2-410D-B0B8-4B6360941F38}.Release|Any CPU.ActiveCfg = Release|Any CPU
		{8201AF2E-CBB2-410D-B0B8-4B6360941F38}.Release|Any CPU.Build.0 = Release|Any CPU
		{11CF3BB6-D32B-4506-88A9-D25406091134}.Debug|Any CPU.ActiveCfg = Debug|Any CPU
		{11CF3BB6-D32B-4506-88A9-D25406091134}.Debug|Any CPU.Build.0 = Debug|Any CPU
		{11CF3BB6-D32B-4506-88A9-D25406091134}.Release|Any CPU.ActiveCfg = Release|Any CPU
		{11CF3BB6-D32B-4506-88A9-D25406091134}.Release|Any CPU.Build.0 = Release|Any CPU
		{858E0CF3-F77E-432D-80D5-788B45C56C89}.Debug|Any CPU.ActiveCfg = Debug|Any CPU
		{858E0CF3-F77E-432D-80D5-788B45C56C89}.Debug|Any CPU.Build.0 = Debug|Any CPU
		{858E0CF3-F77E-432D-80D5-788B45C56C89}.Release|Any CPU.ActiveCfg = Release|Any CPU
		{858E0CF3-F77E-432D-80D5-788B45C56C89}.Release|Any CPU.Build.0 = Release|Any CPU
		{9B932C46-6FB2-4036-A248-1038866D305A}.Debug|Any CPU.ActiveCfg = Debug|Any CPU
		{9B932C46-6FB2-4036-A248-1038866D305A}.Debug|Any CPU.Build.0 = Debug|Any CPU
		{9B932C46-6FB2-4036-A248-1038866D305A}.Release|Any CPU.ActiveCfg = Release|Any CPU
		{9B932C46-6FB2-4036-A248-1038866D305A}.Release|Any CPU.Build.0 = Release|Any CPU
		{EA74256E-4A60-4301-8B48-44E298B4F0CD}.Debug|Any CPU.ActiveCfg = Debug|Any CPU
		{EA74256E-4A60-4301-8B48-44E298B4F0CD}.Debug|Any CPU.Build.0 = Debug|Any CPU
		{EA74256E-4A60-4301-8B48-44E298B4F0CD}.Release|Any CPU.ActiveCfg = Release|Any CPU
		{EA74256E-4A60-4301-8B48-44E298B4F0CD}.Release|Any CPU.Build.0 = Release|Any CPU
		{5493EE29-911F-4374-B77C-420A9F0051B2}.Debug|Any CPU.ActiveCfg = Debug|Any CPU
		{5493EE29-911F-4374-B77C-420A9F0051B2}.Debug|Any CPU.Build.0 = Debug|Any CPU
		{5493EE29-911F-4374-B77C-420A9F0051B2}.Release|Any CPU.ActiveCfg = Release|Any CPU
		{5493EE29-911F-4374-B77C-420A9F0051B2}.Release|Any CPU.Build.0 = Release|Any CPU
		{50B0C671-6340-41BC-9243-95C746F80EBC}.Debug|Any CPU.ActiveCfg = Debug|Any CPU
		{50B0C671-6340-41BC-9243-95C746F80EBC}.Debug|Any CPU.Build.0 = Debug|Any CPU
		{50B0C671-6340-41BC-9243-95C746F80EBC}.Release|Any CPU.ActiveCfg = Release|Any CPU
		{50B0C671-6340-41BC-9243-95C746F80EBC}.Release|Any CPU.Build.0 = Release|Any CPU
		{7F4F9587-76E9-4BDD-99FA-567B3ACB552E}.Debug|Any CPU.ActiveCfg = Debug|Any CPU
		{7F4F9587-76E9-4BDD-99FA-567B3ACB552E}.Debug|Any CPU.Build.0 = Debug|Any CPU
		{7F4F9587-76E9-4BDD-99FA-567B3ACB552E}.Release|Any CPU.ActiveCfg = Release|Any CPU
		{7F4F9587-76E9-4BDD-99FA-567B3ACB552E}.Release|Any CPU.Build.0 = Release|Any CPU
		{59700977-16D4-40BA-B58E-532D125702DC}.Debug|Any CPU.ActiveCfg = Debug|Any CPU
		{59700977-16D4-40BA-B58E-532D125702DC}.Debug|Any CPU.Build.0 = Debug|Any CPU
		{59700977-16D4-40BA-B58E-532D125702DC}.Release|Any CPU.ActiveCfg = Release|Any CPU
		{59700977-16D4-40BA-B58E-532D125702DC}.Release|Any CPU.Build.0 = Release|Any CPU
		{CE794A89-958C-41CD-8651-19ED32A0ECDA}.Debug|Any CPU.ActiveCfg = Debug|Any CPU
		{CE794A89-958C-41CD-8651-19ED32A0ECDA}.Debug|Any CPU.Build.0 = Debug|Any CPU
		{CE794A89-958C-41CD-8651-19ED32A0ECDA}.Release|Any CPU.ActiveCfg = Release|Any CPU
		{CE794A89-958C-41CD-8651-19ED32A0ECDA}.Release|Any CPU.Build.0 = Release|Any CPU
		{FC3162AD-7CBE-4DAE-8FC2-D87ABB873703}.Debug|Any CPU.ActiveCfg = Debug|Any CPU
		{FC3162AD-7CBE-4DAE-8FC2-D87ABB873703}.Debug|Any CPU.Build.0 = Debug|Any CPU
		{FC3162AD-7CBE-4DAE-8FC2-D87ABB873703}.Release|Any CPU.ActiveCfg = Release|Any CPU
		{FC3162AD-7CBE-4DAE-8FC2-D87ABB873703}.Release|Any CPU.Build.0 = Release|Any CPU
		{CB973523-4D43-4ED2-B1DC-3E90044180BE}.Debug|Any CPU.ActiveCfg = Debug|Any CPU
		{CB973523-4D43-4ED2-B1DC-3E90044180BE}.Debug|Any CPU.Build.0 = Debug|Any CPU
		{CB973523-4D43-4ED2-B1DC-3E90044180BE}.Release|Any CPU.ActiveCfg = Release|Any CPU
		{CB973523-4D43-4ED2-B1DC-3E90044180BE}.Release|Any CPU.Build.0 = Release|Any CPU
		{13991AD9-20E5-4A7C-85C0-F8FA18EE497F}.Debug|Any CPU.ActiveCfg = Debug|Any CPU
		{13991AD9-20E5-4A7C-85C0-F8FA18EE497F}.Debug|Any CPU.Build.0 = Debug|Any CPU
		{13991AD9-20E5-4A7C-85C0-F8FA18EE497F}.Release|Any CPU.ActiveCfg = Release|Any CPU
		{13991AD9-20E5-4A7C-85C0-F8FA18EE497F}.Release|Any CPU.Build.0 = Release|Any CPU
		{4816F661-1ACE-41A9-9630-9866DA162554}.Debug|Any CPU.ActiveCfg = Debug|Any CPU
		{4816F661-1ACE-41A9-9630-9866DA162554}.Debug|Any CPU.Build.0 = Debug|Any CPU
		{4816F661-1ACE-41A9-9630-9866DA162554}.Release|Any CPU.ActiveCfg = Release|Any CPU
		{4816F661-1ACE-41A9-9630-9866DA162554}.Release|Any CPU.Build.0 = Release|Any CPU
		{1A59B17E-FA48-495E-AEF8-57A922AF20B7}.Debug|Any CPU.ActiveCfg = Debug|Any CPU
		{1A59B17E-FA48-495E-AEF8-57A922AF20B7}.Debug|Any CPU.Build.0 = Debug|Any CPU
		{1A59B17E-FA48-495E-AEF8-57A922AF20B7}.Release|Any CPU.ActiveCfg = Release|Any CPU
		{1A59B17E-FA48-495E-AEF8-57A922AF20B7}.Release|Any CPU.Build.0 = Release|Any CPU
		{7ADC230A-2672-4A56-9499-D12BB682658F}.Debug|Any CPU.ActiveCfg = Debug|Any CPU
		{7ADC230A-2672-4A56-9499-D12BB682658F}.Debug|Any CPU.Build.0 = Debug|Any CPU
		{7ADC230A-2672-4A56-9499-D12BB682658F}.Release|Any CPU.ActiveCfg = Release|Any CPU
		{7ADC230A-2672-4A56-9499-D12BB682658F}.Release|Any CPU.Build.0 = Release|Any CPU
		{680BD768-8A55-47A2-B56F-FCB0F578604A}.Debug|Any CPU.ActiveCfg = Debug|Any CPU
		{680BD768-8A55-47A2-B56F-FCB0F578604A}.Debug|Any CPU.Build.0 = Debug|Any CPU
		{680BD768-8A55-47A2-B56F-FCB0F578604A}.Release|Any CPU.ActiveCfg = Release|Any CPU
		{680BD768-8A55-47A2-B56F-FCB0F578604A}.Release|Any CPU.Build.0 = Release|Any CPU
		{901A05B9-15A1-4941-A812-B84BC9E978FD}.Debug|Any CPU.ActiveCfg = Debug|Any CPU
		{901A05B9-15A1-4941-A812-B84BC9E978FD}.Debug|Any CPU.Build.0 = Debug|Any CPU
		{901A05B9-15A1-4941-A812-B84BC9E978FD}.Release|Any CPU.ActiveCfg = Release|Any CPU
		{901A05B9-15A1-4941-A812-B84BC9E978FD}.Release|Any CPU.Build.0 = Release|Any CPU
		{FB080468-A8BC-46EA-BB4D-66E7D9394881}.Debug|Any CPU.ActiveCfg = Debug|Any CPU
		{FB080468-A8BC-46EA-BB4D-66E7D9394881}.Debug|Any CPU.Build.0 = Debug|Any CPU
		{FB080468-A8BC-46EA-BB4D-66E7D9394881}.Release|Any CPU.ActiveCfg = Release|Any CPU
		{FB080468-A8BC-46EA-BB4D-66E7D9394881}.Release|Any CPU.Build.0 = Release|Any CPU
		{173AE3AB-62AF-4262-A5EF-CA812434CD56}.Debug|Any CPU.ActiveCfg = Debug|Any CPU
		{173AE3AB-62AF-4262-A5EF-CA812434CD56}.Debug|Any CPU.Build.0 = Debug|Any CPU
		{173AE3AB-62AF-4262-A5EF-CA812434CD56}.Release|Any CPU.ActiveCfg = Release|Any CPU
		{173AE3AB-62AF-4262-A5EF-CA812434CD56}.Release|Any CPU.Build.0 = Release|Any CPU
		{16BEB8A0-52AD-4698-8E16-1E630106436A}.Debug|Any CPU.ActiveCfg = Debug|Any CPU
		{16BEB8A0-52AD-4698-8E16-1E630106436A}.Debug|Any CPU.Build.0 = Debug|Any CPU
		{16BEB8A0-52AD-4698-8E16-1E630106436A}.Release|Any CPU.ActiveCfg = Release|Any CPU
		{16BEB8A0-52AD-4698-8E16-1E630106436A}.Release|Any CPU.Build.0 = Release|Any CPU
		{00685CA2-FE3D-4185-9B49-AD215413F047}.Debug|Any CPU.ActiveCfg = Debug|Any CPU
		{00685CA2-FE3D-4185-9B49-AD215413F047}.Debug|Any CPU.Build.0 = Debug|Any CPU
		{00685CA2-FE3D-4185-9B49-AD215413F047}.Release|Any CPU.ActiveCfg = Release|Any CPU
		{00685CA2-FE3D-4185-9B49-AD215413F047}.Release|Any CPU.Build.0 = Release|Any CPU
	EndGlobalSection
	GlobalSection(SolutionProperties) = preSolution
		HideSolutionNode = FALSE
	EndGlobalSection
	GlobalSection(NestedProjects) = preSolution
		{A5FFE0DF-E109-40F1-A538-9FD575675349} = {A6FFB5C8-397D-4CB1-A2C7-34FE3B2E082E}
		{8201AF2E-CBB2-410D-B0B8-4B6360941F38} = {A6FFB5C8-397D-4CB1-A2C7-34FE3B2E082E}
		{11CF3BB6-D32B-4506-88A9-D25406091134} = {A6FFB5C8-397D-4CB1-A2C7-34FE3B2E082E}
		{858E0CF3-F77E-432D-80D5-788B45C56C89} = {A6FFB5C8-397D-4CB1-A2C7-34FE3B2E082E}
		{9B932C46-6FB2-4036-A248-1038866D305A} = {A6FFB5C8-397D-4CB1-A2C7-34FE3B2E082E}
		{EA74256E-4A60-4301-8B48-44E298B4F0CD} = {BBA82803-14FB-48AC-8550-CE54AF9F6E0C}
		{5493EE29-911F-4374-B77C-420A9F0051B2} = {BBA82803-14FB-48AC-8550-CE54AF9F6E0C}
		{50B0C671-6340-41BC-9243-95C746F80EBC} = {BBA82803-14FB-48AC-8550-CE54AF9F6E0C}
		{7F4F9587-76E9-4BDD-99FA-567B3ACB552E} = {BBA82803-14FB-48AC-8550-CE54AF9F6E0C}
		{59700977-16D4-40BA-B58E-532D125702DC} = {BBA82803-14FB-48AC-8550-CE54AF9F6E0C}
		{CE794A89-958C-41CD-8651-19ED32A0ECDA} = {BBA82803-14FB-48AC-8550-CE54AF9F6E0C}
		{FC3162AD-7CBE-4DAE-8FC2-D87ABB873703} = {BBA82803-14FB-48AC-8550-CE54AF9F6E0C}
		{CB973523-4D43-4ED2-B1DC-3E90044180BE} = {A136CC29-E048-4F6F-B646-99F2C92F1608}
		{13991AD9-20E5-4A7C-85C0-F8FA18EE497F} = {A136CC29-E048-4F6F-B646-99F2C92F1608}
		{4816F661-1ACE-41A9-9630-9866DA162554} = {A136CC29-E048-4F6F-B646-99F2C92F1608}
		{1A59B17E-FA48-495E-AEF8-57A922AF20B7} = {A136CC29-E048-4F6F-B646-99F2C92F1608}
		{7ADC230A-2672-4A56-9499-D12BB682658F} = {A136CC29-E048-4F6F-B646-99F2C92F1608}
		{680BD768-8A55-47A2-B56F-FCB0F578604A} = {A136CC29-E048-4F6F-B646-99F2C92F1608}
		{901A05B9-15A1-4941-A812-B84BC9E978FD} = {A136CC29-E048-4F6F-B646-99F2C92F1608}
		{FB080468-A8BC-46EA-BB4D-66E7D9394881} = {A136CC29-E048-4F6F-B646-99F2C92F1608}
		{173AE3AB-62AF-4262-A5EF-CA812434CD56} = {A136CC29-E048-4F6F-B646-99F2C92F1608}
		{16BEB8A0-52AD-4698-8E16-1E630106436A} = {A136CC29-E048-4F6F-B646-99F2C92F1608}
		{00685CA2-FE3D-4185-9B49-AD215413F047} = {A136CC29-E048-4F6F-B646-99F2C92F1608}
	EndGlobalSection
	GlobalSection(ExtensibilityGlobals) = postSolution
		SolutionGuid = {47511CAD-3C6A-414F-AC1A-C3260F9FBEDC}
	EndGlobalSection
EndGlobal
